// !$*UTF8*$!
{
	archiveVersion = 1;
	classes = {
	};
	objectVersion = 46;
	objects = {

/* Begin PBXBuildFile section */
		F8E67C5C1B8B878800A55DCB /* main.m in Sources */ = {isa = PBXBuildFile; fileRef = F8E67C5B1B8B878800A55DCB /* main.m */; };
		F8E67C5F1B8B878800A55DCB /* AppDelegate.m in Sources */ = {isa = PBXBuildFile; fileRef = F8E67C5E1B8B878800A55DCB /* AppDelegate.m */; };
		F8E67C621B8B878800A55DCB /* ViewController.m in Sources */ = {isa = PBXBuildFile; fileRef = F8E67C611B8B878800A55DCB /* ViewController.m */; };
		F8E67C651B8B878800A55DCB /* Main.storyboard in Resources */ = {isa = PBXBuildFile; fileRef = F8E67C631B8B878800A55DCB /* Main.storyboard */; };
		F8E67C671B8B878800A55DCB /* Images.xcassets in Resources */ = {isa = PBXBuildFile; fileRef = F8E67C661B8B878800A55DCB /* Images.xcassets */; };
		F8E67C6A1B8B878800A55DCB /* LaunchScreen.xib in Resources */ = {isa = PBXBuildFile; fileRef = F8E67C681B8B878800A55DCB /* LaunchScreen.xib */; };
		F8E67C761B8B878800A55DCB /* LibraryReviewAppTests.m in Sources */ = {isa = PBXBuildFile; fileRef = F8E67C751B8B878800A55DCB /* LibraryReviewAppTests.m */; };
		F8E67C811B8B8A8000A55DCB /* AllBooksListViewController.m in Sources */ = {isa = PBXBuildFile; fileRef = F8E67C801B8B8A8000A55DCB /* AllBooksListViewController.m */; };
		F8E67C841B8B8A9500A55DCB /* BookDetailViewController.m in Sources */ = {isa = PBXBuildFile; fileRef = F8E67C831B8B8A9500A55DCB /* BookDetailViewController.m */; };
		F8E67C871B8B8AC300A55DCB /* BookSwitchTableViewCell.m in Sources */ = {isa = PBXBuildFile; fileRef = F8E67C861B8B8AC300A55DCB /* BookSwitchTableViewCell.m */; };
		F8E67C8A1B8B8D9300A55DCB /* AllBooksTabelViewDataSource.m in Sources */ = {isa = PBXBuildFile; fileRef = F8E67C891B8B8D9300A55DCB /* AllBooksTabelViewDataSource.m */; };
		F8E67C8D1B8B8E1100A55DCB /* EditBooksViewController.m in Sources */ = {isa = PBXBuildFile; fileRef = F8E67C8C1B8B8E1100A55DCB /* EditBooksViewController.m */; };
/* End PBXBuildFile section */

/* Begin PBXContainerItemProxy section */
		F8E67C701B8B878800A55DCB /* PBXContainerItemProxy */ = {
			isa = PBXContainerItemProxy;
			containerPortal = F8E67C4E1B8B878800A55DCB /* Project object */;
			proxyType = 1;
			remoteGlobalIDString = F8E67C551B8B878800A55DCB;
			remoteInfo = LibraryReviewApp;
		};
/* End PBXContainerItemProxy section */

/* Begin PBXFileReference section */
		F8E67C561B8B878800A55DCB /* LibraryReviewApp.app */ = {isa = PBXFileReference; explicitFileType = wrapper.application; includeInIndex = 0; path = LibraryReviewApp.app; sourceTree = BUILT_PRODUCTS_DIR; };
		F8E67C5A1B8B878800A55DCB /* Info.plist */ = {isa = PBXFileReference; lastKnownFileType = text.plist.xml; path = Info.plist; sourceTree = "<group>"; };
		F8E67C5B1B8B878800A55DCB /* main.m */ = {isa = PBXFileReference; lastKnownFileType = sourcecode.c.objc; path = main.m; sourceTree = "<group>"; };
		F8E67C5D1B8B878800A55DCB /* AppDelegate.h */ = {isa = PBXFileReference; lastKnownFileType = sourcecode.c.h; path = AppDelegate.h; sourceTree = "<group>"; };
		F8E67C5E1B8B878800A55DCB /* AppDelegate.m */ = {isa = PBXFileReference; lastKnownFileType = sourcecode.c.objc; path = AppDelegate.m; sourceTree = "<group>"; };
		F8E67C601B8B878800A55DCB /* ViewController.h */ = {isa = PBXFileReference; lastKnownFileType = sourcecode.c.h; path = ViewController.h; sourceTree = "<group>"; };
		F8E67C611B8B878800A55DCB /* ViewController.m */ = {isa = PBXFileReference; lastKnownFileType = sourcecode.c.objc; path = ViewController.m; sourceTree = "<group>"; };
		F8E67C641B8B878800A55DCB /* Base */ = {isa = PBXFileReference; lastKnownFileType = file.storyboard; name = Base; path = Base.lproj/Main.storyboard; sourceTree = "<group>"; };
		F8E67C661B8B878800A55DCB /* Images.xcassets */ = {isa = PBXFileReference; lastKnownFileType = folder.assetcatalog; path = Images.xcassets; sourceTree = "<group>"; };
		F8E67C691B8B878800A55DCB /* Base */ = {isa = PBXFileReference; lastKnownFileType = file.xib; name = Base; path = Base.lproj/LaunchScreen.xib; sourceTree = "<group>"; };
		F8E67C6F1B8B878800A55DCB /* LibraryReviewAppTests.xctest */ = {isa = PBXFileReference; explicitFileType = wrapper.cfbundle; includeInIndex = 0; path = LibraryReviewAppTests.xctest; sourceTree = BUILT_PRODUCTS_DIR; };
		F8E67C741B8B878800A55DCB /* Info.plist */ = {isa = PBXFileReference; lastKnownFileType = text.plist.xml; path = Info.plist; sourceTree = "<group>"; };
		F8E67C751B8B878800A55DCB /* LibraryReviewAppTests.m */ = {isa = PBXFileReference; lastKnownFileType = sourcecode.c.objc; path = LibraryReviewAppTests.m; sourceTree = "<group>"; };
		F8E67C7F1B8B8A8000A55DCB /* AllBooksListViewController.h */ = {isa = PBXFileReference; fileEncoding = 4; lastKnownFileType = sourcecode.c.h; path = AllBooksListViewController.h; sourceTree = "<group>"; };
		F8E67C801B8B8A8000A55DCB /* AllBooksListViewController.m */ = {isa = PBXFileReference; fileEncoding = 4; lastKnownFileType = sourcecode.c.objc; path = AllBooksListViewController.m; sourceTree = "<group>"; };
		F8E67C821B8B8A9500A55DCB /* BookDetailViewController.h */ = {isa = PBXFileReference; fileEncoding = 4; lastKnownFileType = sourcecode.c.h; path = BookDetailViewController.h; sourceTree = "<group>"; };
		F8E67C831B8B8A9500A55DCB /* BookDetailViewController.m */ = {isa = PBXFileReference; fileEncoding = 4; lastKnownFileType = sourcecode.c.objc; path = BookDetailViewController.m; sourceTree = "<group>"; };
		F8E67C851B8B8AC300A55DCB /* BookSwitchTableViewCell.h */ = {isa = PBXFileReference; fileEncoding = 4; lastKnownFileType = sourcecode.c.h; path = BookSwitchTableViewCell.h; sourceTree = "<group>"; };
		F8E67C861B8B8AC300A55DCB /* BookSwitchTableViewCell.m */ = {isa = PBXFileReference; fileEncoding = 4; lastKnownFileType = sourcecode.c.objc; path = BookSwitchTableViewCell.m; sourceTree = "<group>"; };
		F8E67C881B8B8D9300A55DCB /* AllBooksTabelViewDataSource.h */ = {isa = PBXFileReference; fileEncoding = 4; lastKnownFileType = sourcecode.c.h; path = AllBooksTabelViewDataSource.h; sourceTree = "<group>"; };
		F8E67C891B8B8D9300A55DCB /* AllBooksTabelViewDataSource.m */ = {isa = PBXFileReference; fileEncoding = 4; lastKnownFileType = sourcecode.c.objc; path = AllBooksTabelViewDataSource.m; sourceTree = "<group>"; };
		F8E67C8B1B8B8E1100A55DCB /* EditBooksViewController.h */ = {isa = PBXFileReference; fileEncoding = 4; lastKnownFileType = sourcecode.c.h; path = EditBooksViewController.h; sourceTree = "<group>"; };
		F8E67C8C1B8B8E1100A55DCB /* EditBooksViewController.m */ = {isa = PBXFileReference; fileEncoding = 4; lastKnownFileType = sourcecode.c.objc; path = EditBooksViewController.m; sourceTree = "<group>"; };
/* End PBXFileReference section */

/* Begin PBXFrameworksBuildPhase section */
		F8E67C531B8B878800A55DCB /* Frameworks */ = {
			isa = PBXFrameworksBuildPhase;
			buildActionMask = 2147483647;
			files = (
			);
			runOnlyForDeploymentPostprocessing = 0;
		};
		F8E67C6C1B8B878800A55DCB /* Frameworks */ = {
			isa = PBXFrameworksBuildPhase;
			buildActionMask = 2147483647;
			files = (
			);
			runOnlyForDeploymentPostprocessing = 0;
		};
/* End PBXFrameworksBuildPhase section */

/* Begin PBXGroup section */
		F8E67C4D1B8B878800A55DCB = {
			isa = PBXGroup;
			children = (
				F8E67C581B8B878800A55DCB /* LibraryReviewApp */,
				F8E67C721B8B878800A55DCB /* LibraryReviewAppTests */,
				F8E67C571B8B878800A55DCB /* Products */,
			);
			sourceTree = "<group>";
		};
		F8E67C571B8B878800A55DCB /* Products */ = {
			isa = PBXGroup;
			children = (
				F8E67C561B8B878800A55DCB /* LibraryReviewApp.app */,
				F8E67C6F1B8B878800A55DCB /* LibraryReviewAppTests.xctest */,
			);
			name = Products;
			sourceTree = "<group>";
		};
		F8E67C581B8B878800A55DCB /* LibraryReviewApp */ = {
			isa = PBXGroup;
			children = (
				F8E67C5D1B8B878800A55DCB /* AppDelegate.h */,
				F8E67C5E1B8B878800A55DCB /* AppDelegate.m */,
				F8E67C601B8B878800A55DCB /* ViewController.h */,
				F8E67C611B8B878800A55DCB /* ViewController.m */,
				F8E67C631B8B878800A55DCB /* Main.storyboard */,
				F8E67C8B1B8B8E1100A55DCB /* EditBooksViewController.h */,
				F8E67C8C1B8B8E1100A55DCB /* EditBooksViewController.m */,
				F8E67C881B8B8D9300A55DCB /* AllBooksTabelViewDataSource.h */,
				F8E67C891B8B8D9300A55DCB /* AllBooksTabelViewDataSource.m */,
				F8E67C7F1B8B8A8000A55DCB /* AllBooksListViewController.h */,
				F8E67C801B8B8A8000A55DCB /* AllBooksListViewController.m */,
				F8E67C821B8B8A9500A55DCB /* BookDetailViewController.h */,
				F8E67C831B8B8A9500A55DCB /* BookDetailViewController.m */,
				F8E67C851B8B8AC300A55DCB /* BookSwitchTableViewCell.h */,
				F8E67C861B8B8AC300A55DCB /* BookSwitchTableViewCell.m */,
				F8E67C661B8B878800A55DCB /* Images.xcassets */,
				F8E67C681B8B878800A55DCB /* LaunchScreen.xib */,
				F8E67C591B8B878800A55DCB /* Supporting Files */,
			);
			path = LibraryReviewApp;
			sourceTree = "<group>";
		};
		F8E67C591B8B878800A55DCB /* Supporting Files */ = {
			isa = PBXGroup;
			children = (
				F8E67C5A1B8B878800A55DCB /* Info.plist */,
				F8E67C5B1B8B878800A55DCB /* main.m */,
			);
			name = "Supporting Files";
			sourceTree = "<group>";
		};
		F8E67C721B8B878800A55DCB /* LibraryReviewAppTests */ = {
			isa = PBXGroup;
			children = (
				F8E67C751B8B878800A55DCB /* LibraryReviewAppTests.m */,
				F8E67C731B8B878800A55DCB /* Supporting Files */,
			);
			path = LibraryReviewAppTests;
			sourceTree = "<group>";
		};
		F8E67C731B8B878800A55DCB /* Supporting Files */ = {
			isa = PBXGroup;
			children = (
				F8E67C741B8B878800A55DCB /* Info.plist */,
			);
			name = "Supporting Files";
			sourceTree = "<group>";
		};
/* End PBXGroup section */

/* Begin PBXNativeTarget section */
		F8E67C551B8B878800A55DCB /* LibraryReviewApp */ = {
			isa = PBXNativeTarget;
			buildConfigurationList = F8E67C791B8B878800A55DCB /* Build configuration list for PBXNativeTarget "LibraryReviewApp" */;
			buildPhases = (
				F8E67C521B8B878800A55DCB /* Sources */,
				F8E67C531B8B878800A55DCB /* Frameworks */,
				F8E67C541B8B878800A55DCB /* Resources */,
			);
			buildRules = (
			);
			dependencies = (
			);
			name = LibraryReviewApp;
			productName = LibraryReviewApp;
			productReference = F8E67C561B8B878800A55DCB /* LibraryReviewApp.app */;
			productType = "com.apple.product-type.application";
		};
		F8E67C6E1B8B878800A55DCB /* LibraryReviewAppTests */ = {
			isa = PBXNativeTarget;
			buildConfigurationList = F8E67C7C1B8B878800A55DCB /* Build configuration list for PBXNativeTarget "LibraryReviewAppTests" */;
			buildPhases = (
				F8E67C6B1B8B878800A55DCB /* Sources */,
				F8E67C6C1B8B878800A55DCB /* Frameworks */,
				F8E67C6D1B8B878800A55DCB /* Resources */,
			);
			buildRules = (
			);
			dependencies = (
				F8E67C711B8B878800A55DCB /* PBXTargetDependency */,
			);
			name = LibraryReviewAppTests;
			productName = LibraryReviewAppTests;
			productReference = F8E67C6F1B8B878800A55DCB /* LibraryReviewAppTests.xctest */;
			productType = "com.apple.product-type.bundle.unit-test";
		};
/* End PBXNativeTarget section */

/* Begin PBXProject section */
		F8E67C4E1B8B878800A55DCB /* Project object */ = {
			isa = PBXProject;
			attributes = {
				LastUpgradeCheck = 0640;
				ORGANIZATIONNAME = "Jesus Rules";
				TargetAttributes = {
					F8E67C551B8B878800A55DCB = {
						CreatedOnToolsVersion = 6.4;
					};
					F8E67C6E1B8B878800A55DCB = {
						CreatedOnToolsVersion = 6.4;
						TestTargetID = F8E67C551B8B878800A55DCB;
					};
				};
			};
			buildConfigurationList = F8E67C511B8B878800A55DCB /* Build configuration list for PBXProject "LibraryReviewApp" */;
			compatibilityVersion = "Xcode 3.2";
			developmentRegion = English;
			hasScannedForEncodings = 0;
			knownRegions = (
				en,
				Base,
			);
			mainGroup = F8E67C4D1B8B878800A55DCB;
			productRefGroup = F8E67C571B8B878800A55DCB /* Products */;
			projectDirPath = "";
			projectRoot = "";
			targets = (
				F8E67C551B8B878800A55DCB /* LibraryReviewApp */,
				F8E67C6E1B8B878800A55DCB /* LibraryReviewAppTests */,
			);
		};
/* End PBXProject section */

/* Begin PBXResourcesBuildPhase section */
		F8E67C541B8B878800A55DCB /* Resources */ = {
			isa = PBXResourcesBuildPhase;
			buildActionMask = 2147483647;
			files = (
				F8E67C651B8B878800A55DCB /* Main.storyboard in Resources */,
				F8E67C6A1B8B878800A55DCB /* LaunchScreen.xib in Resources */,
				F8E67C671B8B878800A55DCB /* Images.xcassets in Resources */,
			);
			runOnlyForDeploymentPostprocessing = 0;
		};
		F8E67C6D1B8B878800A55DCB /* Resources */ = {
			isa = PBXResourcesBuildPhase;
			buildActionMask = 2147483647;
			files = (
			);
			runOnlyForDeploymentPostprocessing = 0;
		};
/* End PBXResourcesBuildPhase section */

/* Begin PBXSourcesBuildPhase section */
		F8E67C521B8B878800A55DCB /* Sources */ = {
			isa = PBXSourcesBuildPhase;
			buildActionMask = 2147483647;
			files = (
				F8E67C8A1B8B8D9300A55DCB /* AllBooksTabelViewDataSource.m in Sources */,
				F8E67C621B8B878800A55DCB /* ViewController.m in Sources */,
				F8E67C841B8B8A9500A55DCB /* BookDetailViewController.m in Sources */,
				F8E67C811B8B8A8000A55DCB /* AllBooksListViewController.m in Sources */,
				F8E67C5F1B8B878800A55DCB /* AppDelegate.m in Sources */,
				F8E67C871B8B8AC300A55DCB /* BookSwitchTableViewCell.m in Sources */,
				F8E67C5C1B8B878800A55DCB /* main.m in Sources */,
				F8E67C8D1B8B8E1100A55DCB /* EditBooksViewController.m in Sources */,
			);
			runOnlyForDeploymentPostprocessing = 0;
		};
		F8E67C6B1B8B878800A55DCB /* Sources */ = {
			isa = PBXSourcesBuildPhase;
			buildActionMask = 2147483647;
			files = (
				F8E67C761B8B878800A55DCB /* LibraryReviewAppTests.m in Sources */,
			);
			runOnlyForDeploymentPostprocessing = 0;
		};
/* End PBXSourcesBuildPhase section */

/* Begin PBXTargetDependency section */
		F8E67C711B8B878800A55DCB /* PBXTargetDependency */ = {
			isa = PBXTargetDependency;
			target = F8E67C551B8B878800A55DCB /* LibraryReviewApp */;
			targetProxy = F8E67C701B8B878800A55DCB /* PBXContainerItemProxy */;
		};
/* End PBXTargetDependency section */

/* Begin PBXVariantGroup section */
		F8E67C631B8B878800A55DCB /* Main.storyboard */ = {
			isa = PBXVariantGroup;
			children = (
				F8E67C641B8B878800A55DCB /* Base */,
			);
			name = Main.storyboard;
			sourceTree = "<group>";
		};
		F8E67C681B8B878800A55DCB /* LaunchScreen.xib */ = {
			isa = PBXVariantGroup;
			children = (
				F8E67C691B8B878800A55DCB /* Base */,
			);
			name = LaunchScreen.xib;
			sourceTree = "<group>";
		};
/* End PBXVariantGroup section */

/* Begin XCBuildConfiguration section */
		F8E67C771B8B878800A55DCB /* Debug */ = {
			isa = XCBuildConfiguration;
			buildSettings = {
				ALWAYS_SEARCH_USER_PATHS = NO;
				CLANG_CXX_LANGUAGE_STANDARD = "gnu++0x";
				CLANG_CXX_LIBRARY = "libc++";
				CLANG_ENABLE_MODULES = YES;
				CLANG_ENABLE_OBJC_ARC = YES;
				CLANG_WARN_BOOL_CONVERSION = YES;
				CLANG_WARN_CONSTANT_CONVERSION = YES;
				CLANG_WARN_DIRECT_OBJC_ISA_USAGE = YES_ERROR;
				CLANG_WARN_EMPTY_BODY = YES;
				CLANG_WARN_ENUM_CONVERSION = YES;
				CLANG_WARN_INT_CONVERSION = YES;
				CLANG_WARN_OBJC_ROOT_CLASS = YES_ERROR;
				CLANG_WARN_UNREACHABLE_CODE = YES;
				CLANG_WARN__DUPLICATE_METHOD_MATCH = YES;
				"CODE_SIGN_IDENTITY[sdk=iphoneos*]" = "iPhone Developer";
				COPY_PHASE_STRIP = NO;
				DEBUG_INFORMATION_FORMAT = "dwarf-with-dsym";
				ENABLE_STRICT_OBJC_MSGSEND = YES;
				GCC_C_LANGUAGE_STANDARD = gnu99;
				GCC_DYNAMIC_NO_PIC = NO;
				GCC_NO_COMMON_BLOCKS = YES;
				GCC_OPTIMIZATION_LEVEL = 0;
				GCC_PREPROCESSOR_DEFINITIONS = (
					"DEBUG=1",
					"$(inherited)",
				);
				GCC_SYMBOLS_PRIVATE_EXTERN = NO;
				GCC_WARN_64_TO_32_BIT_CONVERSION = YES;
				GCC_WARN_ABOUT_RETURN_TYPE = YES_ERROR;
				GCC_WARN_UNDECLARED_SELECTOR = YES;
				GCC_WARN_UNINITIALIZED_AUTOS = YES_AGGRESSIVE;
				GCC_WARN_UNUSED_FUNCTION = YES;
				GCC_WARN_UNUSED_VARIABLE = YES;
				IPHONEOS_DEPLOYMENT_TARGET = 8.4;
				MTL_ENABLE_DEBUG_INFO = YES;
				ONLY_ACTIVE_ARCH = YES;
				SDKROOT = iphoneos;
			};
			name = Debug;
		};
		F8E67C781B8B878800A55DCB /* Release */ = {
			isa = XCBuildConfiguration;
			buildSettings = {
				ALWAYS_SEARCH_USER_PATHS = NO;
				CLANG_CXX_LANGUAGE_STANDARD = "gnu++0x";
				CLANG_CXX_LIBRARY = "libc++";
				CLANG_ENABLE_MODULES = YES;
				CLANG_ENABLE_OBJC_ARC = YES;
				CLANG_WARN_BOOL_CONVERSION = YES;
				CLANG_WARN_CONSTANT_CONVERSION = YES;
				CLANG_WARN_DIRECT_OBJC_ISA_USAGE = YES_ERROR;
				CLANG_WARN_EMPTY_BODY = YES;
				CLANG_WARN_ENUM_CONVERSION = YES;
				CLANG_WARN_INT_CONVERSION = YES;
				CLANG_WARN_OBJC_ROOT_CLASS = YES_ERROR;
				CLANG_WARN_UNREACHABLE_CODE = YES;
				CLANG_WARN__DUPLICATE_METHOD_MATCH = YES;
				"CODE_SIGN_IDENTITY[sdk=iphoneos*]" = "iPhone Developer";
				COPY_PHASE_STRIP = NO;
				DEBUG_INFORMATION_FORMAT = "dwarf-with-dsym";
				ENABLE_NS_ASSERTIONS = NO;
				ENABLE_STRICT_OBJC_MSGSEND = YES;
				GCC_C_LANGUAGE_STANDARD = gnu99;
				GCC_NO_COMMON_BLOCKS = YES;
				GCC_WARN_64_TO_32_BIT_CONVERSION = YES;
				GCC_WARN_ABOUT_RETURN_TYPE = YES_ERROR;
				GCC_WARN_UNDECLARED_SELECTOR = YES;
				GCC_WARN_UNINITIALIZED_AUTOS = YES_AGGRESSIVE;
				GCC_WARN_UNUSED_FUNCTION = YES;
				GCC_WARN_UNUSED_VARIABLE = YES;
				IPHONEOS_DEPLOYMENT_TARGET = 8.4;
				MTL_ENABLE_DEBUG_INFO = NO;
				SDKROOT = iphoneos;
				VALIDATE_PRODUCT = YES;
			};
			name = Release;
		};
		F8E67C7A1B8B878800A55DCB /* Debug */ = {
			isa = XCBuildConfiguration;
			buildSettings = {
				ASSETCATALOG_COMPILER_APPICON_NAME = AppIcon;
				INFOPLIST_FILE = LibraryReviewApp/Info.plist;
				LD_RUNPATH_SEARCH_PATHS = "$(inherited) @executable_path/Frameworks";
				PRODUCT_NAME = "$(TARGET_NAME)";
			};
			name = Debug;
		};
		F8E67C7B1B8B878800A55DCB /* Release */ = {
			isa = XCBuildConfiguration;
			buildSettings = {
				ASSETCATALOG_COMPILER_APPICON_NAME = AppIcon;
				INFOPLIST_FILE = LibraryReviewApp/Info.plist;
				LD_RUNPATH_SEARCH_PATHS = "$(inherited) @executable_path/Frameworks";
				PRODUCT_NAME = "$(TARGET_NAME)";
			};
			name = Release;
		};
		F8E67C7D1B8B878800A55DCB /* Debug */ = {
			isa = XCBuildConfiguration;
			buildSettings = {
				BUNDLE_LOADER = "$(TEST_HOST)";
				FRAMEWORK_SEARCH_PATHS = (
					"$(SDKROOT)/Developer/Library/Frameworks",
					"$(inherited)",
				);
				GCC_PREPROCESSOR_DEFINITIONS = (
					"DEBUG=1",
					"$(inherited)",
				);
				INFOPLIST_FILE = LibraryReviewAppTests/Info.plist;
				LD_RUNPATH_SEARCH_PATHS = "$(inherited) @executable_path/Frameworks @loader_path/Frameworks";
				PRODUCT_NAME = "$(TARGET_NAME)";
				TEST_HOST = "$(BUILT_PRODUCTS_DIR)/LibraryReviewApp.app/LibraryReviewApp";
			};
			name = Debug;
		};
		F8E67C7E1B8B878800A55DCB /* Release */ = {
			isa = XCBuildConfiguration;
			buildSettings = {
				BUNDLE_LOADER = "$(TEST_HOST)";
				FRAMEWORK_SEARCH_PATHS = (
					"$(SDKROOT)/Developer/Library/Frameworks",
					"$(inherited)",
				);
				INFOPLIST_FILE = LibraryReviewAppTests/Info.plist;
				LD_RUNPATH_SEARCH_PATHS = "$(inherited) @executable_path/Frameworks @loader_path/Frameworks";
				PRODUCT_NAME = "$(TARGET_NAME)";
				TEST_HOST = "$(BUILT_PRODUCTS_DIR)/LibraryReviewApp.app/LibraryReviewApp";
			};
			name = Release;
		};
/* End XCBuildConfiguration section */

/* Begin XCConfigurationList section */
		F8E67C511B8B878800A55DCB /* Build configuration list for PBXProject "LibraryReviewApp" */ = {
			isa = XCConfigurationList;
			buildConfigurations = (
				F8E67C771B8B878800A55DCB /* Debug */,
				F8E67C781B8B878800A55DCB /* Release */,
			);
			defaultConfigurationIsVisible = 0;
			defaultConfigurationName = Release;
		};
		F8E67C791B8B878800A55DCB /* Build configuration list for PBXNativeTarget "LibraryReviewApp" */ = {
			isa = XCConfigurationList;
			buildConfigurations = (
				F8E67C7A1B8B878800A55DCB /* Debug */,
				F8E67C7B1B8B878800A55DCB /* Release */,
			);
			defaultConfigurationIsVisible = 0;
		};
		F8E67C7C1B8B878800A55DCB /* Build configuration list for PBXNativeTarget "LibraryReviewAppTests" */ = {
			isa = XCConfigurationList;
			buildConfigurations = (
				F8E67C7D1B8B878800A55DCB /* Debug */,
				F8E67C7E1B8B878800A55DCB /* Release */,
			);
			defaultConfigurationIsVisible = 0;
		};
/* End XCConfigurationList section */
	};
	rootObject = F8E67C4E1B8B878800A55DCB /* Project object */;
}
